
Microsoft Visual Studio Solution File, Format Version 12.00
# Visual Studio Version 16
VisualStudioVersion = 16.0.29123.89
MinimumVisualStudioVersion = 10.0.40219.1
Project("{FAE04EC0-301F-11D3-BF4B-00C04F79EFBC}") = "DiscardSample001", "DiscardSample001\DiscardSample001.csproj", "{CBCC9CF2-DB88-4E29-9E50-35CB49C303D2}"
EndProject
Project("{FAE04EC0-301F-11D3-BF4B-00C04F79EFBC}") = "DiscardSample002", "DiscardSample002\DiscardSample002.csproj", "{7B0D93C9-89E4-4A05-89B3-3B84BB2D6805}"
EndProject
Global
	GlobalSection(SolutionConfigurationPlatforms) = preSolution
		Debug|Any CPU = Debug|Any CPU
		Release|Any CPU = Release|Any CPU
	EndGlobalSection
	GlobalSection(ProjectConfigurationPlatforms) = postSolution
		{CBCC9CF2-DB88-4E29-9E50-35CB49C303D2}.Debug|Any CPU.ActiveCfg = Debug|Any CPU
		{CBCC9CF2-DB88-4E29-9E50-35CB49C303D2}.Debug|Any CPU.Build.0 = Debug|Any CPU
		{CBCC9CF2-DB88-4E29-9E50-35CB49C303D2}.Release|Any CPU.ActiveCfg = Release|Any CPU
		{CBCC9CF2-DB88-4E29-9E50-35CB49C303D2}.Release|Any CPU.Build.0 = Release|Any CPU
		{7B0D93C9-89E4-4A05-89B3-3B84BB2D6805}.Debug|Any CPU.ActiveCfg = Debug|Any CPU
		{7B0D93C9-89E4-4A05-89B3-3B84BB2D6805}.Debug|Any CPU.Build.0 = Debug|Any CPU
		{7B0D93C9-89E4-4A05-89B3-3B84BB2D6805}.Release|Any CPU.ActiveCfg = Release|Any CPU
		{7B0D93C9-89E4-4A05-89B3-3B84BB2D6805}.Release|Any CPU.Build.0 = Release|Any CPU
	EndGlobalSection
	GlobalSection(SolutionProperties) = preSolution
		HideSolutionNode = FALSE
	EndGlobalSection
	GlobalSection(ExtensibilityGlobals) = postSolution
		SolutionGuid = {E3680438-1C4B-4EB3-A6DB-B4B2F31178A2}
	EndGlobalSection
EndGlobal
