
Microsoft Visual Studio Solution File, Format Version 12.00
# Visual Studio Version 16
VisualStudioVersion = 16.0.29111.141
MinimumVisualStudioVersion = 10.0.40219.1
Project("{FAE04EC0-301F-11D3-BF4B-00C04F79EFBC}") = "NumericSample001", "NumericSample001\NumericSample001.csproj", "{D5BFE6AF-9679-4675-A20E-424399A3802C}"
EndProject
Project("{FAE04EC0-301F-11D3-BF4B-00C04F79EFBC}") = "NumericSample002", "NumericSample002\NumericSample002.csproj", "{BCB10714-601E-48A5-A841-41BBF783CE89}"
EndProject
Global
	GlobalSection(SolutionConfigurationPlatforms) = preSolution
		Debug|Any CPU = Debug|Any CPU
		Release|Any CPU = Release|Any CPU
	EndGlobalSection
	GlobalSection(ProjectConfigurationPlatforms) = postSolution
		{D5BFE6AF-9679-4675-A20E-424399A3802C}.Debug|Any CPU.ActiveCfg = Debug|Any CPU
		{D5BFE6AF-9679-4675-A20E-424399A3802C}.Debug|Any CPU.Build.0 = Debug|Any CPU
		{D5BFE6AF-9679-4675-A20E-424399A3802C}.Release|Any CPU.ActiveCfg = Release|Any CPU
		{D5BFE6AF-9679-4675-A20E-424399A3802C}.Release|Any CPU.Build.0 = Release|Any CPU
		{BCB10714-601E-48A5-A841-41BBF783CE89}.Debug|Any CPU.ActiveCfg = Debug|Any CPU
		{BCB10714-601E-48A5-A841-41BBF783CE89}.Debug|Any CPU.Build.0 = Debug|Any CPU
		{BCB10714-601E-48A5-A841-41BBF783CE89}.Release|Any CPU.ActiveCfg = Release|Any CPU
		{BCB10714-601E-48A5-A841-41BBF783CE89}.Release|Any CPU.Build.0 = Release|Any CPU
	EndGlobalSection
	GlobalSection(SolutionProperties) = preSolution
		HideSolutionNode = FALSE
	EndGlobalSection
	GlobalSection(ExtensibilityGlobals) = postSolution
		SolutionGuid = {F29C7280-DAE4-4D81-B90E-D53A1F3C04AC}
	EndGlobalSection
EndGlobal
