
Microsoft Visual Studio Solution File, Format Version 12.00
# Visual Studio Version 16
VisualStudioVersion = 16.0.29123.89
MinimumVisualStudioVersion = 10.0.40219.1
Project("{9A19103F-16F7-4668-BE54-9A1E7A4F7556}") = "IndexAndRangeSample001", "IndexAndRangeSample001\IndexAndRangeSample001.csproj", "{2BB68D42-AEB3-4B18-97BD-A9B0253E66E8}"
EndProject
Project("{9A19103F-16F7-4668-BE54-9A1E7A4F7556}") = "IndexAndRangeSample002", "IndexAndRangeSample002\IndexAndRangeSample002.csproj", "{14BDB37B-0FD6-4E24-95C2-F33DFB7D17F6}"
EndProject
Project("{FAE04EC0-301F-11D3-BF4B-00C04F79EFBC}") = "IndexAndRangeSample003", "IndexAndRangeSample003\IndexAndRangeSample003.csproj", "{D2563980-248C-4EA6-B9ED-163C2786621F}"
EndProject
Project("{FAE04EC0-301F-11D3-BF4B-00C04F79EFBC}") = "IndexAndRangeSample004", "IndexAndRangeSample004\IndexAndRangeSample004.csproj", "{E25E7F81-EDD3-4A5A-88C2-3D9E2EE13B38}"
EndProject
Global
	GlobalSection(SolutionConfigurationPlatforms) = preSolution
		Debug|Any CPU = Debug|Any CPU
		Release|Any CPU = Release|Any CPU
	EndGlobalSection
	GlobalSection(ProjectConfigurationPlatforms) = postSolution
		{2BB68D42-AEB3-4B18-97BD-A9B0253E66E8}.Debug|Any CPU.ActiveCfg = Debug|Any CPU
		{2BB68D42-AEB3-4B18-97BD-A9B0253E66E8}.Debug|Any CPU.Build.0 = Debug|Any CPU
		{2BB68D42-AEB3-4B18-97BD-A9B0253E66E8}.Release|Any CPU.ActiveCfg = Release|Any CPU
		{2BB68D42-AEB3-4B18-97BD-A9B0253E66E8}.Release|Any CPU.Build.0 = Release|Any CPU
		{14BDB37B-0FD6-4E24-95C2-F33DFB7D17F6}.Debug|Any CPU.ActiveCfg = Debug|Any CPU
		{14BDB37B-0FD6-4E24-95C2-F33DFB7D17F6}.Debug|Any CPU.Build.0 = Debug|Any CPU
		{14BDB37B-0FD6-4E24-95C2-F33DFB7D17F6}.Release|Any CPU.ActiveCfg = Release|Any CPU
		{14BDB37B-0FD6-4E24-95C2-F33DFB7D17F6}.Release|Any CPU.Build.0 = Release|Any CPU
		{D2563980-248C-4EA6-B9ED-163C2786621F}.Debug|Any CPU.ActiveCfg = Debug|Any CPU
		{D2563980-248C-4EA6-B9ED-163C2786621F}.Debug|Any CPU.Build.0 = Debug|Any CPU
		{D2563980-248C-4EA6-B9ED-163C2786621F}.Release|Any CPU.ActiveCfg = Release|Any CPU
		{D2563980-248C-4EA6-B9ED-163C2786621F}.Release|Any CPU.Build.0 = Release|Any CPU
		{E25E7F81-EDD3-4A5A-88C2-3D9E2EE13B38}.Debug|Any CPU.ActiveCfg = Debug|Any CPU
		{E25E7F81-EDD3-4A5A-88C2-3D9E2EE13B38}.Debug|Any CPU.Build.0 = Debug|Any CPU
		{E25E7F81-EDD3-4A5A-88C2-3D9E2EE13B38}.Release|Any CPU.ActiveCfg = Release|Any CPU
		{E25E7F81-EDD3-4A5A-88C2-3D9E2EE13B38}.Release|Any CPU.Build.0 = Release|Any CPU
	EndGlobalSection
	GlobalSection(SolutionProperties) = preSolution
		HideSolutionNode = FALSE
	EndGlobalSection
	GlobalSection(ExtensibilityGlobals) = postSolution
		SolutionGuid = {79DE9D4F-1801-4519-A5B8-48D23815DECC}
	EndGlobalSection
EndGlobal
