
Microsoft Visual Studio Solution File, Format Version 12.00
# Visual Studio Version 16
VisualStudioVersion = 16.0.29123.89
MinimumVisualStudioVersion = 10.0.40219.1
Project("{FAE04EC0-301F-11D3-BF4B-00C04F79EFBC}") = "AsyncMainSample001", "AsyncMainSample001\AsyncMainSample001.csproj", "{090F1A1B-0BD1-40DB-BCA1-774F993BE585}"
EndProject
Global
	GlobalSection(SolutionConfigurationPlatforms) = preSolution
		Debug|Any CPU = Debug|Any CPU
		Release|Any CPU = Release|Any CPU
	EndGlobalSection
	GlobalSection(ProjectConfigurationPlatforms) = postSolution
		{090F1A1B-0BD1-40DB-BCA1-774F993BE585}.Debug|Any CPU.ActiveCfg = Debug|Any CPU
		{090F1A1B-0BD1-40DB-BCA1-774F993BE585}.Debug|Any CPU.Build.0 = Debug|Any CPU
		{090F1A1B-0BD1-40DB-BCA1-774F993BE585}.Release|Any CPU.ActiveCfg = Release|Any CPU
		{090F1A1B-0BD1-40DB-BCA1-774F993BE585}.Release|Any CPU.Build.0 = Release|Any CPU
	EndGlobalSection
	GlobalSection(SolutionProperties) = preSolution
		HideSolutionNode = FALSE
	EndGlobalSection
	GlobalSection(ExtensibilityGlobals) = postSolution
		SolutionGuid = {F021B610-3FBC-4DA0-AF6F-A3E2581DDAE6}
	EndGlobalSection
EndGlobal
