
Microsoft Visual Studio Solution File, Format Version 12.00
# Visual Studio Version 16
VisualStudioVersion = 16.0.29209.152
MinimumVisualStudioVersion = 10.0.40219.1
Project("{FAE04EC0-301F-11D3-BF4B-00C04F79EFBC}") = "AccessModifilerSample001", "AccessModifilerSample001\AccessModifilerSample001.csproj", "{9169507D-1721-4924-8C4A-FCCE93F2D294}"
EndProject
Project("{FAE04EC0-301F-11D3-BF4B-00C04F79EFBC}") = "AccessModifilerSample001Library", "AccessModifilerSample001Library\AccessModifilerSample001Library.csproj", "{346AAC35-010E-427C-B6EB-0C7F4DC9E5CF}"
EndProject
Global
	GlobalSection(SolutionConfigurationPlatforms) = preSolution
		Debug|Any CPU = Debug|Any CPU
		Release|Any CPU = Release|Any CPU
	EndGlobalSection
	GlobalSection(ProjectConfigurationPlatforms) = postSolution
		{9169507D-1721-4924-8C4A-FCCE93F2D294}.Debug|Any CPU.ActiveCfg = Debug|Any CPU
		{9169507D-1721-4924-8C4A-FCCE93F2D294}.Debug|Any CPU.Build.0 = Debug|Any CPU
		{9169507D-1721-4924-8C4A-FCCE93F2D294}.Release|Any CPU.ActiveCfg = Release|Any CPU
		{9169507D-1721-4924-8C4A-FCCE93F2D294}.Release|Any CPU.Build.0 = Release|Any CPU
		{346AAC35-010E-427C-B6EB-0C7F4DC9E5CF}.Debug|Any CPU.ActiveCfg = Debug|Any CPU
		{346AAC35-010E-427C-B6EB-0C7F4DC9E5CF}.Debug|Any CPU.Build.0 = Debug|Any CPU
		{346AAC35-010E-427C-B6EB-0C7F4DC9E5CF}.Release|Any CPU.ActiveCfg = Release|Any CPU
		{346AAC35-010E-427C-B6EB-0C7F4DC9E5CF}.Release|Any CPU.Build.0 = Release|Any CPU
	EndGlobalSection
	GlobalSection(SolutionProperties) = preSolution
		HideSolutionNode = FALSE
	EndGlobalSection
	GlobalSection(ExtensibilityGlobals) = postSolution
		SolutionGuid = {90BD2339-045B-4FD1-9669-29B3C2E39EE2}
	EndGlobalSection
EndGlobal
