
Microsoft Visual Studio Solution File, Format Version 12.00
# Visual Studio Version 16
VisualStudioVersion = 16.0.29111.141
MinimumVisualStudioVersion = 10.0.40219.1
Project("{FAE04EC0-301F-11D3-BF4B-00C04F79EFBC}") = "StringSample001", "StringSample001\StringSample001.csproj", "{0BAC721B-2481-4FEA-B555-DC1F1645EA88}"
EndProject
Project("{FAE04EC0-301F-11D3-BF4B-00C04F79EFBC}") = "StringSample002", "StringSample002\StringSample002.csproj", "{A5858523-F052-42D1-B7BB-5044B10AE314}"
EndProject
Global
	GlobalSection(SolutionConfigurationPlatforms) = preSolution
		Debug|Any CPU = Debug|Any CPU
		Release|Any CPU = Release|Any CPU
	EndGlobalSection
	GlobalSection(ProjectConfigurationPlatforms) = postSolution
		{0BAC721B-2481-4FEA-B555-DC1F1645EA88}.Debug|Any CPU.ActiveCfg = Debug|Any CPU
		{0BAC721B-2481-4FEA-B555-DC1F1645EA88}.Debug|Any CPU.Build.0 = Debug|Any CPU
		{0BAC721B-2481-4FEA-B555-DC1F1645EA88}.Release|Any CPU.ActiveCfg = Release|Any CPU
		{0BAC721B-2481-4FEA-B555-DC1F1645EA88}.Release|Any CPU.Build.0 = Release|Any CPU
		{A5858523-F052-42D1-B7BB-5044B10AE314}.Debug|Any CPU.ActiveCfg = Debug|Any CPU
		{A5858523-F052-42D1-B7BB-5044B10AE314}.Debug|Any CPU.Build.0 = Debug|Any CPU
		{A5858523-F052-42D1-B7BB-5044B10AE314}.Release|Any CPU.ActiveCfg = Release|Any CPU
		{A5858523-F052-42D1-B7BB-5044B10AE314}.Release|Any CPU.Build.0 = Release|Any CPU
	EndGlobalSection
	GlobalSection(SolutionProperties) = preSolution
		HideSolutionNode = FALSE
	EndGlobalSection
	GlobalSection(ExtensibilityGlobals) = postSolution
		SolutionGuid = {B2F82EB3-D7B4-41D5-B76E-E1FFA795C8E4}
	EndGlobalSection
EndGlobal
