
Microsoft Visual Studio Solution File, Format Version 12.00
# Visual Studio Version 16
VisualStudioVersion = 16.0.29123.89
MinimumVisualStudioVersion = 10.0.40219.1
Project("{FAE04EC0-301F-11D3-BF4B-00C04F79EFBC}") = "DefaultSample001", "DefaultSample001\DefaultSample001.csproj", "{A8118C4E-AE62-4517-9483-050D7E072486}"
EndProject
Global
	GlobalSection(SolutionConfigurationPlatforms) = preSolution
		Debug|Any CPU = Debug|Any CPU
		Release|Any CPU = Release|Any CPU
	EndGlobalSection
	GlobalSection(ProjectConfigurationPlatforms) = postSolution
		{A8118C4E-AE62-4517-9483-050D7E072486}.Debug|Any CPU.ActiveCfg = Debug|Any CPU
		{A8118C4E-AE62-4517-9483-050D7E072486}.Debug|Any CPU.Build.0 = Debug|Any CPU
		{A8118C4E-AE62-4517-9483-050D7E072486}.Release|Any CPU.ActiveCfg = Release|Any CPU
		{A8118C4E-AE62-4517-9483-050D7E072486}.Release|Any CPU.Build.0 = Release|Any CPU
	EndGlobalSection
	GlobalSection(SolutionProperties) = preSolution
		HideSolutionNode = FALSE
	EndGlobalSection
	GlobalSection(ExtensibilityGlobals) = postSolution
		SolutionGuid = {844D100C-1E0D-4782-A0BF-A27733D21BB8}
	EndGlobalSection
EndGlobal
